// !$*UTF8*$!
{
	archiveVersion = 1;
	classes = {
	};
	objectVersion = 50;
	objects = {

/* Begin PBXBuildFile section */
		C823A09725B7004A00C3A11B /* RoundedCorner.swift in Sources */ = {isa = PBXBuildFile; fileRef = C823A09625B7004A00C3A11B /* RoundedCorner.swift */; };
		C8356AF725C7229200132844 /* RegisterViewModel.swift in Sources */ = {isa = PBXBuildFile; fileRef = C8356AF625C7229200132844 /* RegisterViewModel.swift */; };
		C8356B0E25C7232E00132844 /* RegisterViewModelTests.swift in Sources */ = {isa = PBXBuildFile; fileRef = C8356B0D25C7232E00132844 /* RegisterViewModelTests.swift */; };
		C86FC7D225C5B95A00041495 /* RegisterView.swift in Sources */ = {isa = PBXBuildFile; fileRef = C86FC7D125C5B95A00041495 /* RegisterView.swift */; };
		C86FC7D725C5B99100041495 /* EmailField.swift in Sources */ = {isa = PBXBuildFile; fileRef = C86FC7D625C5B99100041495 /* EmailField.swift */; };
		C86FC7DB25C5B9FB00041495 /* PasswordField.swift in Sources */ = {isa = PBXBuildFile; fileRef = C86FC7DA25C5B9FB00041495 /* PasswordField.swift */; };
		C8CD9E6D25AED10700C7338F /* YouHungryApp.swift in Sources */ = {isa = PBXBuildFile; fileRef = C8CD9E6C25AED10700C7338F /* YouHungryApp.swift */; };
		C8CD9E7125AED10900C7338F /* Assets.xcassets in Resources */ = {isa = PBXBuildFile; fileRef = C8CD9E7025AED10900C7338F /* Assets.xcassets */; };
		C8CD9E7425AED10900C7338F /* Preview Assets.xcassets in Resources */ = {isa = PBXBuildFile; fileRef = C8CD9E7325AED10900C7338F /* Preview Assets.xcassets */; };
		C8CD9E7E25AED1B500C7338F /* OnboardingView.swift in Sources */ = {isa = PBXBuildFile; fileRef = C8CD9E7D25AED1B500C7338F /* OnboardingView.swift */; };
		C8CD9E8525AED29A00C7338F /* OnboardingItem.swift in Sources */ = {isa = PBXBuildFile; fileRef = C8CD9E8425AED29A00C7338F /* OnboardingItem.swift */; };
		C8CD9E8825AEDE0B00C7338F /* LoginView.swift in Sources */ = {isa = PBXBuildFile; fileRef = C8CD9E8725AEDE0B00C7338F /* LoginView.swift */; };
/* End PBXBuildFile section */

/* Begin PBXContainerItemProxy section */
		C8356B0225C7230600132844 /* PBXContainerItemProxy */ = {
			isa = PBXContainerItemProxy;
			containerPortal = C8CD9E6125AED10600C7338F /* Project object */;
			proxyType = 1;
			remoteGlobalIDString = C8CD9E6825AED10700C7338F;
			remoteInfo = YouHungry;
		};
/* End PBXContainerItemProxy section */

/* Begin PBXFileReference section */
		C823A09625B7004A00C3A11B /* RoundedCorner.swift */ = {isa = PBXFileReference; lastKnownFileType = sourcecode.swift; path = RoundedCorner.swift; sourceTree = "<group>"; };
		C8356AF625C7229200132844 /* RegisterViewModel.swift */ = {isa = PBXFileReference; lastKnownFileType = sourcecode.swift; path = RegisterViewModel.swift; sourceTree = "<group>"; };
		C8356AFD25C7230600132844 /* YouHungryTests.xctest */ = {isa = PBXFileReference; explicitFileType = wrapper.cfbundle; includeInIndex = 0; path = YouHungryTests.xctest; sourceTree = BUILT_PRODUCTS_DIR; };
		C8356B0125C7230600132844 /* Info.plist */ = {isa = PBXFileReference; lastKnownFileType = text.plist.xml; path = Info.plist; sourceTree = "<group>"; };
		C8356B0D25C7232E00132844 /* RegisterViewModelTests.swift */ = {isa = PBXFileReference; fileEncoding = 4; lastKnownFileType = sourcecode.swift; path = RegisterViewModelTests.swift; sourceTree = "<group>"; };
		C86FC7D125C5B95A00041495 /* RegisterView.swift */ = {isa = PBXFileReference; lastKnownFileType = sourcecode.swift; path = RegisterView.swift; sourceTree = "<group>"; };
		C86FC7D625C5B99100041495 /* EmailField.swift */ = {isa = PBXFileReference; lastKnownFileType = sourcecode.swift; path = EmailField.swift; sourceTree = "<group>"; };
		C86FC7DA25C5B9FB00041495 /* PasswordField.swift */ = {isa = PBXFileReference; lastKnownFileType = sourcecode.swift; path = PasswordField.swift; sourceTree = "<group>"; };
		C8CD9E6925AED10700C7338F /* YouHungry.app */ = {isa = PBXFileReference; explicitFileType = wrapper.application; includeInIndex = 0; path = YouHungry.app; sourceTree = BUILT_PRODUCTS_DIR; };
		C8CD9E6C25AED10700C7338F /* YouHungryApp.swift */ = {isa = PBXFileReference; lastKnownFileType = sourcecode.swift; path = YouHungryApp.swift; sourceTree = "<group>"; };
		C8CD9E7025AED10900C7338F /* Assets.xcassets */ = {isa = PBXFileReference; lastKnownFileType = folder.assetcatalog; path = Assets.xcassets; sourceTree = "<group>"; };
		C8CD9E7325AED10900C7338F /* Preview Assets.xcassets */ = {isa = PBXFileReference; lastKnownFileType = folder.assetcatalog; path = "Preview Assets.xcassets"; sourceTree = "<group>"; };
		C8CD9E7525AED10900C7338F /* Info.plist */ = {isa = PBXFileReference; lastKnownFileType = text.plist.xml; path = Info.plist; sourceTree = "<group>"; };
		C8CD9E7D25AED1B500C7338F /* OnboardingView.swift */ = {isa = PBXFileReference; lastKnownFileType = sourcecode.swift; path = OnboardingView.swift; sourceTree = "<group>"; };
		C8CD9E8425AED29A00C7338F /* OnboardingItem.swift */ = {isa = PBXFileReference; fileEncoding = 4; lastKnownFileType = sourcecode.swift; path = OnboardingItem.swift; sourceTree = "<group>"; };
		C8CD9E8725AEDE0B00C7338F /* LoginView.swift */ = {isa = PBXFileReference; lastKnownFileType = sourcecode.swift; path = LoginView.swift; sourceTree = "<group>"; };
/* End PBXFileReference section */

/* Begin PBXFrameworksBuildPhase section */
		C8356AFA25C7230600132844 /* Frameworks */ = {
			isa = PBXFrameworksBuildPhase;
			buildActionMask = 2147483647;
			files = (
			);
			runOnlyForDeploymentPostprocessing = 0;
		};
		C8CD9E6625AED10700C7338F /* Frameworks */ = {
			isa = PBXFrameworksBuildPhase;
			buildActionMask = 2147483647;
			files = (
			);
			runOnlyForDeploymentPostprocessing = 0;
		};
/* End PBXFrameworksBuildPhase section */

/* Begin PBXGroup section */
		C8356AFE25C7230600132844 /* YouHungryTests */ = {
			isa = PBXGroup;
			children = (
				C8356B0D25C7232E00132844 /* RegisterViewModelTests.swift */,
				C8356B0125C7230600132844 /* Info.plist */,
			);
			path = YouHungryTests;
			sourceTree = "<group>";
		};
		C86FC7D525C5B97D00041495 /* SubViews */ = {
			isa = PBXGroup;
			children = (
				C86FC7D625C5B99100041495 /* EmailField.swift */,
				C86FC7DA25C5B9FB00041495 /* PasswordField.swift */,
			);
			path = SubViews;
			sourceTree = "<group>";
		};
		C86FC7DD25C5BC7900041495 /* Application */ = {
			isa = PBXGroup;
			children = (
				C8CD9E6C25AED10700C7338F /* YouHungryApp.swift */,
			);
			path = Application;
			sourceTree = "<group>";
		};
		C86FC7DE25C5BC9100041495 /* Common */ = {
			isa = PBXGroup;
			children = (
				C86FC7E125C5BCB300041495 /* Modifiers */,
				C86FC7E025C5BCA900041495 /* Models */,
				C86FC7D525C5B97D00041495 /* SubViews */,
			);
			path = Common;
			sourceTree = "<group>";
		};
		C86FC7DF25C5BC9E00041495 /* Modules */ = {
			isa = PBXGroup;
			children = (
				C8CD9E7D25AED1B500C7338F /* OnboardingView.swift */,
				C8CD9E8725AEDE0B00C7338F /* LoginView.swift */,
				C86FC7D125C5B95A00041495 /* RegisterView.swift */,
				C8356AF625C7229200132844 /* RegisterViewModel.swift */,
			);
			path = Modules;
			sourceTree = "<group>";
		};
		C86FC7E025C5BCA900041495 /* Models */ = {
			isa = PBXGroup;
			children = (
				C8CD9E8425AED29A00C7338F /* OnboardingItem.swift */,
			);
			path = Models;
			sourceTree = "<group>";
		};
		C86FC7E125C5BCB300041495 /* Modifiers */ = {
			isa = PBXGroup;
			children = (
				C823A09625B7004A00C3A11B /* RoundedCorner.swift */,
			);
			path = Modifiers;
			sourceTree = "<group>";
		};
		C8CD9E6025AED10600C7338F = {
			isa = PBXGroup;
			children = (
				C8CD9E6B25AED10700C7338F /* YouHungry */,
				C8356AFE25C7230600132844 /* YouHungryTests */,
				C8CD9E6A25AED10700C7338F /* Products */,
			);
			sourceTree = "<group>";
		};
		C8CD9E6A25AED10700C7338F /* Products */ = {
			isa = PBXGroup;
			children = (
				C8CD9E6925AED10700C7338F /* YouHungry.app */,
				C8356AFD25C7230600132844 /* YouHungryTests.xctest */,
			);
			name = Products;
			sourceTree = "<group>";
		};
		C8CD9E6B25AED10700C7338F /* YouHungry */ = {
			isa = PBXGroup;
			children = (
				C86FC7DD25C5BC7900041495 /* Application */,
				C86FC7DE25C5BC9100041495 /* Common */,
				C86FC7DF25C5BC9E00041495 /* Modules */,
				C8CD9E7025AED10900C7338F /* Assets.xcassets */,
				C8CD9E7525AED10900C7338F /* Info.plist */,
				C8CD9E7225AED10900C7338F /* Preview Content */,
			);
			path = YouHungry;
			sourceTree = "<group>";
		};
		C8CD9E7225AED10900C7338F /* Preview Content */ = {
			isa = PBXGroup;
			children = (
				C8CD9E7325AED10900C7338F /* Preview Assets.xcassets */,
			);
			path = "Preview Content";
			sourceTree = "<group>";
		};
/* End PBXGroup section */

/* Begin PBXNativeTarget section */
		C8356AFC25C7230600132844 /* YouHungryTests */ = {
			isa = PBXNativeTarget;
			buildConfigurationList = C8356B0425C7230600132844 /* Build configuration list for PBXNativeTarget "YouHungryTests" */;
			buildPhases = (
				C8356AF925C7230600132844 /* Sources */,
				C8356AFA25C7230600132844 /* Frameworks */,
				C8356AFB25C7230600132844 /* Resources */,
			);
			buildRules = (
			);
			dependencies = (
				C8356B0325C7230600132844 /* PBXTargetDependency */,
			);
			name = YouHungryTests;
			productName = YouHungryTests;
			productReference = C8356AFD25C7230600132844 /* YouHungryTests.xctest */;
			productType = "com.apple.product-type.bundle.unit-test";
		};
		C8CD9E6825AED10700C7338F /* YouHungry */ = {
			isa = PBXNativeTarget;
			buildConfigurationList = C8CD9E7825AED10900C7338F /* Build configuration list for PBXNativeTarget "YouHungry" */;
			buildPhases = (
				C8CD9E6525AED10700C7338F /* Sources */,
				C8CD9E6625AED10700C7338F /* Frameworks */,
				C8CD9E6725AED10700C7338F /* Resources */,
			);
			buildRules = (
			);
			dependencies = (
			);
			name = YouHungry;
			productName = YouHungry;
			productReference = C8CD9E6925AED10700C7338F /* YouHungry.app */;
			productType = "com.apple.product-type.application";
		};
/* End PBXNativeTarget section */

/* Begin PBXProject section */
		C8CD9E6125AED10600C7338F /* Project object */ = {
			isa = PBXProject;
			attributes = {
				LastSwiftUpdateCheck = 1240;
				LastUpgradeCheck = 1230;
				TargetAttributes = {
					C8356AFC25C7230600132844 = {
						CreatedOnToolsVersion = 12.4;
						LastSwiftMigration = 1240;
						TestTargetID = C8CD9E6825AED10700C7338F;
					};
					C8CD9E6825AED10700C7338F = {
						CreatedOnToolsVersion = 12.3;
					};
				};
			};
			buildConfigurationList = C8CD9E6425AED10600C7338F /* Build configuration list for PBXProject "YouHungry" */;
			compatibilityVersion = "Xcode 9.3";
			developmentRegion = en;
			hasScannedForEncodings = 0;
			knownRegions = (
				en,
				Base,
			);
			mainGroup = C8CD9E6025AED10600C7338F;
			productRefGroup = C8CD9E6A25AED10700C7338F /* Products */;
			projectDirPath = "";
			projectRoot = "";
			targets = (
				C8CD9E6825AED10700C7338F /* YouHungry */,
				C8356AFC25C7230600132844 /* YouHungryTests */,
			);
		};
/* End PBXProject section */

/* Begin PBXResourcesBuildPhase section */
		C8356AFB25C7230600132844 /* Resources */ = {
			isa = PBXResourcesBuildPhase;
			buildActionMask = 2147483647;
			files = (
			);
			runOnlyForDeploymentPostprocessing = 0;
		};
		C8CD9E6725AED10700C7338F /* Resources */ = {
			isa = PBXResourcesBuildPhase;
			buildActionMask = 2147483647;
			files = (
				C8CD9E7425AED10900C7338F /* Preview Assets.xcassets in Resources */,
				C8CD9E7125AED10900C7338F /* Assets.xcassets in Resources */,
			);
			runOnlyForDeploymentPostprocessing = 0;
		};
/* End PBXResourcesBuildPhase section */

/* Begin PBXSourcesBuildPhase section */
		C8356AF925C7230600132844 /* Sources */ = {
			isa = PBXSourcesBuildPhase;
			buildActionMask = 2147483647;
			files = (
				C8356B0E25C7232E00132844 /* RegisterViewModelTests.swift in Sources */,
			);
			runOnlyForDeploymentPostprocessing = 0;
		};
		C8CD9E6525AED10700C7338F /* Sources */ = {
			isa = PBXSourcesBuildPhase;
			buildActionMask = 2147483647;
			files = (
				C8CD9E6D25AED10700C7338F /* YouHungryApp.swift in Sources */,
				C8CD9E7E25AED1B500C7338F /* OnboardingView.swift in Sources */,
				C823A09725B7004A00C3A11B /* RoundedCorner.swift in Sources */,
				C86FC7D225C5B95A00041495 /* RegisterView.swift in Sources */,
				C86FC7D725C5B99100041495 /* EmailField.swift in Sources */,
				C86FC7DB25C5B9FB00041495 /* PasswordField.swift in Sources */,
				C8CD9E8825AEDE0B00C7338F /* LoginView.swift in Sources */,
				C8356AF725C7229200132844 /* RegisterViewModel.swift in Sources */,
				C8CD9E8525AED29A00C7338F /* OnboardingItem.swift in Sources */,
			);
			runOnlyForDeploymentPostprocessing = 0;
		};
/* End PBXSourcesBuildPhase section */

/* Begin PBXTargetDependency section */
		C8356B0325C7230600132844 /* PBXTargetDependency */ = {
			isa = PBXTargetDependency;
			target = C8CD9E6825AED10700C7338F /* YouHungry */;
			targetProxy = C8356B0225C7230600132844 /* PBXContainerItemProxy */;
		};
/* End PBXTargetDependency section */

/* Begin XCBuildConfiguration section */
		C8356B0525C7230600132844 /* Debug */ = {
			isa = XCBuildConfiguration;
			buildSettings = {
				BUNDLE_LOADER = "$(TEST_HOST)";
				CLANG_ENABLE_MODULES = YES;
				CODE_SIGN_STYLE = Automatic;
				DEVELOPMENT_TEAM = MEEH8E5U85;
				INFOPLIST_FILE = YouHungryTests/Info.plist;
				IPHONEOS_DEPLOYMENT_TARGET = 14.4;
				LD_RUNPATH_SEARCH_PATHS = (
					"$(inherited)",
					"@executable_path/Frameworks",
					"@loader_path/Frameworks",
				);
				PRODUCT_BUNDLE_IDENTIFIER = com.kristijankralj.YouHungryTests;
				PRODUCT_NAME = "$(TARGET_NAME)";
				SWIFT_OPTIMIZATION_LEVEL = "-Onone";
				SWIFT_VERSION = 5.0;
				TARGETED_DEVICE_FAMILY = "1,2";
				TEST_HOST = "$(BUILT_PRODUCTS_DIR)/YouHungry.app/YouHungry";
			};
			name = Debug;
		};
		C8356B0625C7230600132844 /* Release */ = {
			isa = XCBuildConfiguration;
			buildSettings = {
				BUNDLE_LOADER = "$(TEST_HOST)";
				CLANG_ENABLE_MODULES = YES;
				CODE_SIGN_STYLE = Automatic;
				DEVELOPMENT_TEAM = MEEH8E5U85;
				INFOPLIST_FILE = YouHungryTests/Info.plist;
				IPHONEOS_DEPLOYMENT_TARGET = 14.4;
				LD_RUNPATH_SEARCH_PATHS = (
					"$(inherited)",
					"@executable_path/Frameworks",
					"@loader_path/Frameworks",
				);
				PRODUCT_BUNDLE_IDENTIFIER = com.kristijankralj.YouHungryTests;
				PRODUCT_NAME = "$(TARGET_NAME)";
				SWIFT_VERSION = 5.0;
				TARGETED_DEVICE_FAMILY = "1,2";
				TEST_HOST = "$(BUILT_PRODUCTS_DIR)/YouHungry.app/YouHungry";
			};
			name = Release;
		};
		C8CD9E7625AED10900C7338F /* Debug */ = {
			isa = XCBuildConfiguration;
			buildSettings = {
				ALWAYS_SEARCH_USER_PATHS = NO;
				CLANG_ANALYZER_NONNULL = YES;
				CLANG_ANALYZER_NUMBER_OBJECT_CONVERSION = YES_AGGRESSIVE;
				CLANG_CXX_LANGUAGE_STANDARD = "gnu++14";
				CLANG_CXX_LIBRARY = "libc++";
				CLANG_ENABLE_MODULES = YES;
				CLANG_ENABLE_OBJC_ARC = YES;
				CLANG_ENABLE_OBJC_WEAK = YES;
				CLANG_WARN_BLOCK_CAPTURE_AUTORELEASING = YES;
				CLANG_WARN_BOOL_CONVERSION = YES;
				CLANG_WARN_COMMA = YES;
				CLANG_WARN_CONSTANT_CONVERSION = YES;
				CLANG_WARN_DEPRECATED_OBJC_IMPLEMENTATIONS = YES;
				CLANG_WARN_DIRECT_OBJC_ISA_USAGE = YES_ERROR;
				CLANG_WARN_DOCUMENTATION_COMMENTS = YES;
				CLANG_WARN_EMPTY_BODY = YES;
				CLANG_WARN_ENUM_CONVERSION = YES;
				CLANG_WARN_INFINITE_RECURSION = YES;
				CLANG_WARN_INT_CONVERSION = YES;
				CLANG_WARN_NON_LITERAL_NULL_CONVERSION = YES;
				CLANG_WARN_OBJC_IMPLICIT_RETAIN_SELF = YES;
				CLANG_WARN_OBJC_LITERAL_CONVERSION = YES;
				CLANG_WARN_OBJC_ROOT_CLASS = YES_ERROR;
				CLANG_WARN_QUOTED_INCLUDE_IN_FRAMEWORK_HEADER = YES;
				CLANG_WARN_RANGE_LOOP_ANALYSIS = YES;
				CLANG_WARN_STRICT_PROTOTYPES = YES;
				CLANG_WARN_SUSPICIOUS_MOVE = YES;
				CLANG_WARN_UNGUARDED_AVAILABILITY = YES_AGGRESSIVE;
				CLANG_WARN_UNREACHABLE_CODE = YES;
				CLANG_WARN__DUPLICATE_METHOD_MATCH = YES;
				COPY_PHASE_STRIP = NO;
				DEBUG_INFORMATION_FORMAT = dwarf;
				ENABLE_STRICT_OBJC_MSGSEND = YES;
				ENABLE_TESTABILITY = YES;
				GCC_C_LANGUAGE_STANDARD = gnu11;
				GCC_DYNAMIC_NO_PIC = NO;
				GCC_NO_COMMON_BLOCKS = YES;
				GCC_OPTIMIZATION_LEVEL = 0;
				GCC_PREPROCESSOR_DEFINITIONS = (
					"DEBUG=1",
					"$(inherited)",
				);
				GCC_WARN_64_TO_32_BIT_CONVERSION = YES;
				GCC_WARN_ABOUT_RETURN_TYPE = YES_ERROR;
				GCC_WARN_UNDECLARED_SELECTOR = YES;
				GCC_WARN_UNINITIALIZED_AUTOS = YES_AGGRESSIVE;
				GCC_WARN_UNUSED_FUNCTION = YES;
				GCC_WARN_UNUSED_VARIABLE = YES;
				IPHONEOS_DEPLOYMENT_TARGET = 14.3;
				MTL_ENABLE_DEBUG_INFO = INCLUDE_SOURCE;
				MTL_FAST_MATH = YES;
				ONLY_ACTIVE_ARCH = YES;
				SDKROOT = iphoneos;
				SWIFT_ACTIVE_COMPILATION_CONDITIONS = DEBUG;
				SWIFT_OPTIMIZATION_LEVEL = "-Onone";
			};
			name = Debug;
		};
		C8CD9E7725AED10900C7338F /* Release */ = {
			isa = XCBuildConfiguration;
			buildSettings = {
				ALWAYS_SEARCH_USER_PATHS = NO;
				CLANG_ANALYZER_NONNULL = YES;
				CLANG_ANALYZER_NUMBER_OBJECT_CONVERSION = YES_AGGRESSIVE;
				CLANG_CXX_LANGUAGE_STANDARD = "gnu++14";
				CLANG_CXX_LIBRARY = "libc++";
				CLANG_ENABLE_MODULES = YES;
				CLANG_ENABLE_OBJC_ARC = YES;
				CLANG_ENABLE_OBJC_WEAK = YES;
				CLANG_WARN_BLOCK_CAPTURE_AUTORELEASING = YES;
				CLANG_WARN_BOOL_CONVERSION = YES;
				CLANG_WARN_COMMA = YES;
				CLANG_WARN_CONSTANT_CONVERSION = YES;
				CLANG_WARN_DEPRECATED_OBJC_IMPLEMENTATIONS = YES;
				CLANG_WARN_DIRECT_OBJC_ISA_USAGE = YES_ERROR;
				CLANG_WARN_DOCUMENTATION_COMMENTS = YES;
				CLANG_WARN_EMPTY_BODY = YES;
				CLANG_WARN_ENUM_CONVERSION = YES;
				CLANG_WARN_INFINITE_RECURSION = YES;
				CLANG_WARN_INT_CONVERSION = YES;
				CLANG_WARN_NON_LITERAL_NULL_CONVERSION = YES;
				CLANG_WARN_OBJC_IMPLICIT_RETAIN_SELF = YES;
				CLANG_WARN_OBJC_LITERAL_CONVERSION = YES;
				CLANG_WARN_OBJC_ROOT_CLASS = YES_ERROR;
				CLANG_WARN_QUOTED_INCLUDE_IN_FRAMEWORK_HEADER = YES;
				CLANG_WARN_RANGE_LOOP_ANALYSIS = YES;
				CLANG_WARN_STRICT_PROTOTYPES = YES;
				CLANG_WARN_SUSPICIOUS_MOVE = YES;
				CLANG_WARN_UNGUARDED_AVAILABILITY = YES_AGGRESSIVE;
				CLANG_WARN_UNREACHABLE_CODE = YES;
				CLANG_WARN__DUPLICATE_METHOD_MATCH = YES;
				COPY_PHASE_STRIP = NO;
				DEBUG_INFORMATION_FORMAT = "dwarf-with-dsym";
				ENABLE_NS_ASSERTIONS = NO;
				ENABLE_STRICT_OBJC_MSGSEND = YES;
				GCC_C_LANGUAGE_STANDARD = gnu11;
				GCC_NO_COMMON_BLOCKS = YES;
				GCC_WARN_64_TO_32_BIT_CONVERSION = YES;
				GCC_WARN_ABOUT_RETURN_TYPE = YES_ERROR;
				GCC_WARN_UNDECLARED_SELECTOR = YES;
				GCC_WARN_UNINITIALIZED_AUTOS = YES_AGGRESSIVE;
				GCC_WARN_UNUSED_FUNCTION = YES;
				GCC_WARN_UNUSED_VARIABLE = YES;
				IPHONEOS_DEPLOYMENT_TARGET = 14.3;
				MTL_ENABLE_DEBUG_INFO = NO;
				MTL_FAST_MATH = YES;
				SDKROOT = iphoneos;
				SWIFT_COMPILATION_MODE = wholemodule;
				SWIFT_OPTIMIZATION_LEVEL = "-O";
				VALIDATE_PRODUCT = YES;
			};
			name = Release;
		};
		C8CD9E7925AED10900C7338F /* Debug */ = {
			isa = XCBuildConfiguration;
			buildSettings = {
				ASSETCATALOG_COMPILER_APPICON_NAME = AppIcon;
				ASSETCATALOG_COMPILER_GLOBAL_ACCENT_COLOR_NAME = AccentColor;
				CODE_SIGN_STYLE = Automatic;
				DEVELOPMENT_ASSET_PATHS = "\"YouHungry/Preview Content\"";
				DEVELOPMENT_TEAM = MEEH8E5U85;
				ENABLE_PREVIEWS = YES;
				INFOPLIST_FILE = YouHungry/Info.plist;
				IPHONEOS_DEPLOYMENT_TARGET = 14.0;
				LD_RUNPATH_SEARCH_PATHS = (
					"$(inherited)",
					"@executable_path/Frameworks",
				);
				PRODUCT_BUNDLE_IDENTIFIER = com.kristijankralj.YouHungry;
				PRODUCT_NAME = "$(TARGET_NAME)";
				SWIFT_VERSION = 5.0;
				TARGETED_DEVICE_FAMILY = "1,2";
			};
			name = Debug;
		};
		C8CD9E7A25AED10900C7338F /* Release */ = {
			isa = XCBuildConfiguration;
			buildSettings = {
				ASSETCATALOG_COMPILER_APPICON_NAME = AppIcon;
				ASSETCATALOG_COMPILER_GLOBAL_ACCENT_COLOR_NAME = AccentColor;
				CODE_SIGN_STYLE = Automatic;
				DEVELOPMENT_ASSET_PATHS = "\"YouHungry/Preview Content\"";
				DEVELOPMENT_TEAM = MEEH8E5U85;
				ENABLE_PREVIEWS = YES;
				INFOPLIST_FILE = YouHungry/Info.plist;
				IPHONEOS_DEPLOYMENT_TARGET = 14.0;
				LD_RUNPATH_SEARCH_PATHS = (
					"$(inherited)",
					"@executable_path/Frameworks",
				);
				PRODUCT_BUNDLE_IDENTIFIER = com.kristijankralj.YouHungry;
				PRODUCT_NAME = "$(TARGET_NAME)";
				SWIFT_VERSION = 5.0;
				TARGETED_DEVICE_FAMILY = "1,2";
			};
			name = Release;
		};
/* End XCBuildConfiguration section */

/* Begin XCConfigurationList section */
		C8356B0425C7230600132844 /* Build configuration list for PBXNativeTarget "YouHungryTests" */ = {
			isa = XCConfigurationList;
			buildConfigurations = (
				C8356B0525C7230600132844 /* Debug */,
				C8356B0625C7230600132844 /* Release */,
			);
			defaultConfigurationIsVisible = 0;
			defaultConfigurationName = Release;
		};
		C8CD9E6425AED10600C7338F /* Build configuration list for PBXProject "YouHungry" */ = {
			isa = XCConfigurationList;
			buildConfigurations = (
				C8CD9E7625AED10900C7338F /* Debug */,
				C8CD9E7725AED10900C7338F /* Release */,
			);
			defaultConfigurationIsVisible = 0;
			defaultConfigurationName = Release;
		};
		C8CD9E7825AED10900C7338F /* Build configuration list for PBXNativeTarget "YouHungry" */ = {
			isa = XCConfigurationList;
			buildConfigurations = (
				C8CD9E7925AED10900C7338F /* Debug */,
				C8CD9E7A25AED10900C7338F /* Release */,
			);
			defaultConfigurationIsVisible = 0;
			defaultConfigurationName = Release;
		};
/* End XCConfigurationList section */
	};
	rootObject = C8CD9E6125AED10600C7338F /* Project object */;
}
